
Microsoft Visual Studio Solution File, Format Version 12.00
# Visual Studio 15
VisualStudioVersion = 15.0.27130.2026
MinimumVisualStudioVersion = 10.0.40219.1
Project("{FAE04EC0-301F-11D3-BF4B-00C04F79EFBC}") = "z3nth10n Launcher", "z3nth10n Launcher\z3nth10n Launcher.csproj", "{B578F1B7-C0A8-4B04-9DCD-7DA64E58FD69}"
EndProject
Project("{FAE04EC0-301F-11D3-BF4B-00C04F79EFBC}") = "LauncherHelpers", "LauncherHelpers\LauncherHelpers.csproj", "{C0516143-9D11-4A3A-BA45-B043845F73D7}"
EndProject
Project("{FAE04EC0-301F-11D3-BF4B-00C04F79EFBC}") = "LauncherAPI", "LauncherAPI\LauncherAPI.csproj", "{48542AF4-E87B-4054-87F6-BF1B340884AF}"
EndProject
Project("{FAE04EC0-301F-11D3-BF4B-00C04F79EFBC}") = "LauncherControls", "LauncherControls\LauncherControls.csproj", "{25B43958-7B04-4C86-AACE-928CDAB26EDB}"
EndProject
Global
	GlobalSection(SolutionConfigurationPlatforms) = preSolution
		Debug|Any CPU = Debug|Any CPU
		Debug|x64 = Debug|x64
		Debug|x86 = Debug|x86
		MONO|Any CPU = MONO|Any CPU
		MONO|x64 = MONO|x64
		MONO|x86 = MONO|x86
		Release|Any CPU = Release|Any CPU
		Release|x64 = Release|x64
		Release|x86 = Release|x86
	EndGlobalSection
	GlobalSection(ProjectConfigurationPlatforms) = postSolution
		{B578F1B7-C0A8-4B04-9DCD-7DA64E58FD69}.Debug|Any CPU.ActiveCfg = Debug|x64
		{B578F1B7-C0A8-4B04-9DCD-7DA64E58FD69}.Debug|Any CPU.Build.0 = Debug|x64
		{B578F1B7-C0A8-4B04-9DCD-7DA64E58FD69}.Debug|x64.ActiveCfg = Debug|x64
		{B578F1B7-C0A8-4B04-9DCD-7DA64E58FD69}.Debug|x64.Build.0 = Debug|x64
		{B578F1B7-C0A8-4B04-9DCD-7DA64E58FD69}.Debug|x86.ActiveCfg = Debug|x86
		{B578F1B7-C0A8-4B04-9DCD-7DA64E58FD69}.Debug|x86.Build.0 = Debug|x86
		{B578F1B7-C0A8-4B04-9DCD-7DA64E58FD69}.MONO|Any CPU.ActiveCfg = MONO|Any CPU
		{B578F1B7-C0A8-4B04-9DCD-7DA64E58FD69}.MONO|Any CPU.Build.0 = MONO|Any CPU
		{B578F1B7-C0A8-4B04-9DCD-7DA64E58FD69}.MONO|x64.ActiveCfg = MONO|x64
		{B578F1B7-C0A8-4B04-9DCD-7DA64E58FD69}.MONO|x64.Build.0 = MONO|x64
		{B578F1B7-C0A8-4B04-9DCD-7DA64E58FD69}.MONO|x86.ActiveCfg = MONO|x86
		{B578F1B7-C0A8-4B04-9DCD-7DA64E58FD69}.MONO|x86.Build.0 = MONO|x86
		{B578F1B7-C0A8-4B04-9DCD-7DA64E58FD69}.Release|Any CPU.ActiveCfg = Debug|x64
		{B578F1B7-C0A8-4B04-9DCD-7DA64E58FD69}.Release|Any CPU.Build.0 = Debug|x64
		{B578F1B7-C0A8-4B04-9DCD-7DA64E58FD69}.Release|x64.ActiveCfg = Release|x64
		{B578F1B7-C0A8-4B04-9DCD-7DA64E58FD69}.Release|x64.Build.0 = Release|x64
		{B578F1B7-C0A8-4B04-9DCD-7DA64E58FD69}.Release|x86.ActiveCfg = Release|x86
		{B578F1B7-C0A8-4B04-9DCD-7DA64E58FD69}.Release|x86.Build.0 = Release|x86
		{C0516143-9D11-4A3A-BA45-B043845F73D7}.Debug|Any CPU.ActiveCfg = Debug|Any CPU
		{C0516143-9D11-4A3A-BA45-B043845F73D7}.Debug|Any CPU.Build.0 = Debug|Any CPU
		{C0516143-9D11-4A3A-BA45-B043845F73D7}.Debug|x64.ActiveCfg = Debug|Any CPU
		{C0516143-9D11-4A3A-BA45-B043845F73D7}.Debug|x64.Build.0 = Debug|Any CPU
		{C0516143-9D11-4A3A-BA45-B043845F73D7}.Debug|x86.ActiveCfg = Debug|Any CPU
		{C0516143-9D11-4A3A-BA45-B043845F73D7}.Debug|x86.Build.0 = Debug|Any CPU
		{C0516143-9D11-4A3A-BA45-B043845F73D7}.MONO|Any CPU.ActiveCfg = Release|Any CPU
		{C0516143-9D11-4A3A-BA45-B043845F73D7}.MONO|Any CPU.Build.0 = Release|Any CPU
		{C0516143-9D11-4A3A-BA45-B043845F73D7}.MONO|x64.ActiveCfg = Release|Any CPU
		{C0516143-9D11-4A3A-BA45-B043845F73D7}.MONO|x64.Build.0 = Release|Any CPU
		{C0516143-9D11-4A3A-BA45-B043845F73D7}.MONO|x86.ActiveCfg = Release|Any CPU
		{C0516143-9D11-4A3A-BA45-B043845F73D7}.MONO|x86.Build.0 = Release|Any CPU
		{C0516143-9D11-4A3A-BA45-B043845F73D7}.Release|Any CPU.ActiveCfg = Release|Any CPU
		{C0516143-9D11-4A3A-BA45-B043845F73D7}.Release|Any CPU.Build.0 = Release|Any CPU
		{C0516143-9D11-4A3A-BA45-B043845F73D7}.Release|x64.ActiveCfg = Release|Any CPU
		{C0516143-9D11-4A3A-BA45-B043845F73D7}.Release|x64.Build.0 = Release|Any CPU
		{C0516143-9D11-4A3A-BA45-B043845F73D7}.Release|x86.ActiveCfg = Release|Any CPU
		{C0516143-9D11-4A3A-BA45-B043845F73D7}.Release|x86.Build.0 = Release|Any CPU
		{48542AF4-E87B-4054-87F6-BF1B340884AF}.Debug|Any CPU.ActiveCfg = Debug|Any CPU
		{48542AF4-E87B-4054-87F6-BF1B340884AF}.Debug|Any CPU.Build.0 = Debug|Any CPU
		{48542AF4-E87B-4054-87F6-BF1B340884AF}.Debug|x64.ActiveCfg = Debug|Any CPU
		{48542AF4-E87B-4054-87F6-BF1B340884AF}.Debug|x64.Build.0 = Debug|Any CPU
		{48542AF4-E87B-4054-87F6-BF1B340884AF}.Debug|x86.ActiveCfg = Debug|Any CPU
		{48542AF4-E87B-4054-87F6-BF1B340884AF}.Debug|x86.Build.0 = Debug|Any CPU
		{48542AF4-E87B-4054-87F6-BF1B340884AF}.MONO|Any CPU.ActiveCfg = Release|Any CPU
		{48542AF4-E87B-4054-87F6-BF1B340884AF}.MONO|Any CPU.Build.0 = Release|Any CPU
		{48542AF4-E87B-4054-87F6-BF1B340884AF}.MONO|x64.ActiveCfg = Release|Any CPU
		{48542AF4-E87B-4054-87F6-BF1B340884AF}.MONO|x64.Build.0 = Release|Any CPU
		{48542AF4-E87B-4054-87F6-BF1B340884AF}.MONO|x86.ActiveCfg = Release|Any CPU
		{48542AF4-E87B-4054-87F6-BF1B340884AF}.MONO|x86.Build.0 = Release|Any CPU
		{48542AF4-E87B-4054-87F6-BF1B340884AF}.Release|Any CPU.ActiveCfg = Release|Any CPU
		{48542AF4-E87B-4054-87F6-BF1B340884AF}.Release|Any CPU.Build.0 = Release|Any CPU
		{48542AF4-E87B-4054-87F6-BF1B340884AF}.Release|x64.ActiveCfg = Release|Any CPU
		{48542AF4-E87B-4054-87F6-BF1B340884AF}.Release|x64.Build.0 = Release|Any CPU
		{48542AF4-E87B-4054-87F6-BF1B340884AF}.Release|x86.ActiveCfg = Release|Any CPU
		{48542AF4-E87B-4054-87F6-BF1B340884AF}.Release|x86.Build.0 = Release|Any CPU
		{25B43958-7B04-4C86-AACE-928CDAB26EDB}.Debug|Any CPU.ActiveCfg = Debug|Any CPU
		{25B43958-7B04-4C86-AACE-928CDAB26EDB}.Debug|Any CPU.Build.0 = Debug|Any CPU
		{25B43958-7B04-4C86-AACE-928CDAB26EDB}.Debug|x64.ActiveCfg = Debug|Any CPU
		{25B43958-7B04-4C86-AACE-928CDAB26EDB}.Debug|x64.Build.0 = Debug|Any CPU
		{25B43958-7B04-4C86-AACE-928CDAB26EDB}.Debug|x86.ActiveCfg = Debug|Any CPU
		{25B43958-7B04-4C86-AACE-928CDAB26EDB}.Debug|x86.Build.0 = Debug|Any CPU
		{25B43958-7B04-4C86-AACE-928CDAB26EDB}.MONO|Any CPU.ActiveCfg = Release|Any CPU
		{25B43958-7B04-4C86-AACE-928CDAB26EDB}.MONO|Any CPU.Build.0 = Release|Any CPU
		{25B43958-7B04-4C86-AACE-928CDAB26EDB}.MONO|x64.ActiveCfg = Release|Any CPU
		{25B43958-7B04-4C86-AACE-928CDAB26EDB}.MONO|x64.Build.0 = Release|Any CPU
		{25B43958-7B04-4C86-AACE-928CDAB26EDB}.MONO|x86.ActiveCfg = Release|Any CPU
		{25B43958-7B04-4C86-AACE-928CDAB26EDB}.MONO|x86.Build.0 = Release|Any CPU
		{25B43958-7B04-4C86-AACE-928CDAB26EDB}.Release|Any CPU.ActiveCfg = Release|Any CPU
		{25B43958-7B04-4C86-AACE-928CDAB26EDB}.Release|Any CPU.Build.0 = Release|Any CPU
		{25B43958-7B04-4C86-AACE-928CDAB26EDB}.Release|x64.ActiveCfg = Release|Any CPU
		{25B43958-7B04-4C86-AACE-928CDAB26EDB}.Release|x64.Build.0 = Release|Any CPU
		{25B43958-7B04-4C86-AACE-928CDAB26EDB}.Release|x86.ActiveCfg = Release|Any CPU
		{25B43958-7B04-4C86-AACE-928CDAB26EDB}.Release|x86.Build.0 = Release|Any CPU
	EndGlobalSection
	GlobalSection(SolutionProperties) = preSolution
		HideSolutionNode = FALSE
	EndGlobalSection
	GlobalSection(ExtensibilityGlobals) = postSolution
		SolutionGuid = {3F12D1DC-2F5B-4E8A-B7E7-C194BBDCB82C}
	EndGlobalSection
EndGlobal
